
Microsoft Visual Studio Solution File, Format Version 12.00
# Visual Studio 2013
VisualStudioVersion = 12.0.30501.0
MinimumVisualStudioVersion = 10.0.40219.1
Project("{FAE04EC0-301F-11D3-BF4B-00C04F79EFBC}") = "EstructurasRepetitivas", "EstructurasRepetitivas\EstructurasRepetitivas.csproj", "{06F8696E-820A-4E40-A323-4CFAD24A0A7F}"
EndProject
Global
	GlobalSection(SolutionConfigurationPlatforms) = preSolution
		Debug|Any CPU = Debug|Any CPU
		Release|Any CPU = Release|Any CPU
	EndGlobalSection
	GlobalSection(ProjectConfigurationPlatforms) = postSolution
		{06F8696E-820A-4E40-A323-4CFAD24A0A7F}.Debug|Any CPU.ActiveCfg = Debug|Any CPU
		{06F8696E-820A-4E40-A323-4CFAD24A0A7F}.Debug|Any CPU.Build.0 = Debug|Any CPU
		{06F8696E-820A-4E40-A323-4CFAD24A0A7F}.Release|Any CPU.ActiveCfg = Release|Any CPU
		{06F8696E-820A-4E40-A323-4CFAD24A0A7F}.Release|Any CPU.Build.0 = Release|Any CPU
	EndGlobalSection
	GlobalSection(SolutionProperties) = preSolution
		HideSolutionNode = FALSE
	EndGlobalSection
EndGlobal
